PODS:
  - Flutter (1.0.0)
  - installer_info (0.0.1):
    - Flutter

DEPENDENCIES:
  - Flutter (from `Flutter`)
  - installer_info (from `.symlinks/plugins/installer_info/ios`)

EXTERNAL SOURCES:
  Flutter:
    :path: Flutter
  installer_info:
    :path: ".symlinks/plugins/installer_info/ios"

SPEC CHECKSUMS:
  Flutter: e0871f40cf51350855a761d2e70bf5af5b9b5de7
  installer_info: c9171e7c059043981ac610dc5f5e6868fdd5eb2a

PODFILE CHECKSUM: c4c93c5f6502fe2754f48404d3594bf779584011

COCOAPODS: 1.12.1
